
Microsoft Visual Studio Solution File, Format Version 12.00
# Visual Studio Version 17
VisualStudioVersion = 17.9.34728.123
MinimumVisualStudioVersion = 10.0.40219.1
Project("{FAE04EC0-301F-11D3-BF4B-00C04F79EFBC}") = "BluChat.Server", "BluChat.Server\BluChat.Server.csproj", "{1AA1C8E1-89D5-46C2-B11B-3BD2FC89EFF1}"
EndProject
Project("{FAE04EC0-301F-11D3-BF4B-00C04F79EFBC}") = "BluChat.TestClient", "BluChat.TestClient\BluChat.TestClient.csproj", "{260D9B53-92C0-40DC-A451-301F9C66A842}"
EndProject
Project("{FAE04EC0-301F-11D3-BF4B-00C04F79EFBC}") = "BluChat.Core", "BluChat.Core\BluChat.Core.csproj", "{46D4EB13-D773-49A3-87D9-B4F30D22F83D}"
EndProject
Global
	GlobalSection(SolutionConfigurationPlatforms) = preSolution
		Debug|Any CPU = Debug|Any CPU
		Release|Any CPU = Release|Any CPU
	EndGlobalSection
	GlobalSection(ProjectConfigurationPlatforms) = postSolution
		{1AA1C8E1-89D5-46C2-B11B-3BD2FC89EFF1}.Debug|Any CPU.ActiveCfg = Debug|Any CPU
		{1AA1C8E1-89D5-46C2-B11B-3BD2FC89EFF1}.Debug|Any CPU.Build.0 = Debug|Any CPU
		{1AA1C8E1-89D5-46C2-B11B-3BD2FC89EFF1}.Release|Any CPU.ActiveCfg = Release|Any CPU
		{1AA1C8E1-89D5-46C2-B11B-3BD2FC89EFF1}.Release|Any CPU.Build.0 = Release|Any CPU
		{260D9B53-92C0-40DC-A451-301F9C66A842}.Debug|Any CPU.ActiveCfg = Debug|Any CPU
		{260D9B53-92C0-40DC-A451-301F9C66A842}.Debug|Any CPU.Build.0 = Debug|Any CPU
		{260D9B53-92C0-40DC-A451-301F9C66A842}.Release|Any CPU.ActiveCfg = Release|Any CPU
		{260D9B53-92C0-40DC-A451-301F9C66A842}.Release|Any CPU.Build.0 = Release|Any CPU
		{46D4EB13-D773-49A3-87D9-B4F30D22F83D}.Debug|Any CPU.ActiveCfg = Debug|Any CPU
		{46D4EB13-D773-49A3-87D9-B4F30D22F83D}.Debug|Any CPU.Build.0 = Debug|Any CPU
		{46D4EB13-D773-49A3-87D9-B4F30D22F83D}.Release|Any CPU.ActiveCfg = Release|Any CPU
		{46D4EB13-D773-49A3-87D9-B4F30D22F83D}.Release|Any CPU.Build.0 = Release|Any CPU
	EndGlobalSection
	GlobalSection(SolutionProperties) = preSolution
		HideSolutionNode = FALSE
	EndGlobalSection
	GlobalSection(ExtensibilityGlobals) = postSolution
		SolutionGuid = {A17D94FC-AEDC-42B1-AB29-6B360403F0DC}
	EndGlobalSection
EndGlobal
